
Microsoft Visual Studio Solution File, Format Version 12.00
# Visual Studio Version 17
VisualStudioVersion = 17.6.33723.286
MinimumVisualStudioVersion = 10.0.40219.1
Project("{54A90642-561A-4BB1-A94E-469ADEE60C69}") = "angularapp", "angularapp\angularapp.esproj", "{49CFD7E7-F20C-4909-B9C2-17A392CD7596}"
EndProject
Project("{9A19103F-16F7-4668-BE54-9A1E7A4F7556}") = "webapi", "webapi\webapi.csproj", "{2373BD07-BDBC-4EAB-B9F4-E6E8A3ABE2A7}"
EndProject
Global
	GlobalSection(SolutionConfigurationPlatforms) = preSolution
		Debug|Any CPU = Debug|Any CPU
		Release|Any CPU = Release|Any CPU
	EndGlobalSection
	GlobalSection(ProjectConfigurationPlatforms) = postSolution
		{49CFD7E7-F20C-4909-B9C2-17A392CD7596}.Debug|Any CPU.ActiveCfg = Debug|Any CPU
		{49CFD7E7-F20C-4909-B9C2-17A392CD7596}.Debug|Any CPU.Build.0 = Debug|Any CPU
		{49CFD7E7-F20C-4909-B9C2-17A392CD7596}.Debug|Any CPU.Deploy.0 = Debug|Any CPU
		{49CFD7E7-F20C-4909-B9C2-17A392CD7596}.Release|Any CPU.ActiveCfg = Release|Any CPU
		{49CFD7E7-F20C-4909-B9C2-17A392CD7596}.Release|Any CPU.Build.0 = Release|Any CPU
		{49CFD7E7-F20C-4909-B9C2-17A392CD7596}.Release|Any CPU.Deploy.0 = Release|Any CPU
		{2373BD07-BDBC-4EAB-B9F4-E6E8A3ABE2A7}.Debug|Any CPU.ActiveCfg = Debug|Any CPU
		{2373BD07-BDBC-4EAB-B9F4-E6E8A3ABE2A7}.Debug|Any CPU.Build.0 = Debug|Any CPU
		{2373BD07-BDBC-4EAB-B9F4-E6E8A3ABE2A7}.Release|Any CPU.ActiveCfg = Release|Any CPU
		{2373BD07-BDBC-4EAB-B9F4-E6E8A3ABE2A7}.Release|Any CPU.Build.0 = Release|Any CPU
	EndGlobalSection
	GlobalSection(SolutionProperties) = preSolution
		HideSolutionNode = FALSE
	EndGlobalSection
	GlobalSection(ExtensibilityGlobals) = postSolution
		SolutionGuid = {5FB7C1AA-5F88-41E8-8B7E-7E65CFCCB728}
	EndGlobalSection
EndGlobal
